
Microsoft Visual Studio Solution File, Format Version 12.00
# Visual Studio Version 17
VisualStudioVersion = 17.9.34607.119
MinimumVisualStudioVersion = 10.0.40219.1
Project("{FAE04EC0-301F-11D3-BF4B-00C04F79EFBC}") = "Binary-Ones-Count", "Binary-Ones-Count.csproj", "{C5FB989B-FE70-45A4-8218-B367030552F7}"
EndProject
Global
	GlobalSection(SolutionConfigurationPlatforms) = preSolution
		Debug|Any CPU = Debug|Any CPU
		Release|Any CPU = Release|Any CPU
	EndGlobalSection
	GlobalSection(ProjectConfigurationPlatforms) = postSolution
		{C5FB989B-FE70-45A4-8218-B367030552F7}.Debug|Any CPU.ActiveCfg = Debug|Any CPU
		{C5FB989B-FE70-45A4-8218-B367030552F7}.Debug|Any CPU.Build.0 = Debug|Any CPU
		{C5FB989B-FE70-45A4-8218-B367030552F7}.Release|Any CPU.ActiveCfg = Release|Any CPU
		{C5FB989B-FE70-45A4-8218-B367030552F7}.Release|Any CPU.Build.0 = Release|Any CPU
	EndGlobalSection
	GlobalSection(SolutionProperties) = preSolution
		HideSolutionNode = FALSE
	EndGlobalSection
	GlobalSection(ExtensibilityGlobals) = postSolution
		SolutionGuid = {DBF63519-E858-480C-B3E6-23D1CA291EA1}
	EndGlobalSection
EndGlobal
